
Microsoft Visual Studio Solution File, Format Version 12.00
# Visual Studio 15
VisualStudioVersion = 15.0.35213.121
MinimumVisualStudioVersion = 10.0.40219.1
Project("{FAE04EC0-301F-11D3-BF4B-00C04F79EFBC}") = "mayin_tarlası", "mayin_tarlası\mayin_tarlası.csproj", "{D827F8D8-2629-4A28-A2A3-CDD4DCE9D043}"
EndProject
Global
	GlobalSection(SolutionConfigurationPlatforms) = preSolution
		Debug|Any CPU = Debug|Any CPU
		Release|Any CPU = Release|Any CPU
	EndGlobalSection
	GlobalSection(ProjectConfigurationPlatforms) = postSolution
		{D827F8D8-2629-4A28-A2A3-CDD4DCE9D043}.Debug|Any CPU.ActiveCfg = Debug|Any CPU
		{D827F8D8-2629-4A28-A2A3-CDD4DCE9D043}.Debug|Any CPU.Build.0 = Debug|Any CPU
		{D827F8D8-2629-4A28-A2A3-CDD4DCE9D043}.Release|Any CPU.ActiveCfg = Release|Any CPU
		{D827F8D8-2629-4A28-A2A3-CDD4DCE9D043}.Release|Any CPU.Build.0 = Release|Any CPU
	EndGlobalSection
	GlobalSection(SolutionProperties) = preSolution
		HideSolutionNode = FALSE
	EndGlobalSection
	GlobalSection(ExtensibilityGlobals) = postSolution
		SolutionGuid = {6F5EE14D-4F82-4A1D-960B-36DD7D027929}
	EndGlobalSection
EndGlobal
